
Microsoft Visual Studio Solution File, Format Version 12.00
# Visual Studio 15
VisualStudioVersion = 15.0.28307.902
MinimumVisualStudioVersion = 10.0.40219.1
Project("{FAE04EC0-301F-11D3-BF4B-00C04F79EFBC}") = "Swhirl App", "Swhirl App.csproj", "{21A6463B-80D6-4B46-B74A-75C8D82902EA}"
EndProject
Global
	GlobalSection(SolutionConfigurationPlatforms) = preSolution
		Debug|Any CPU = Debug|Any CPU
		Release|Any CPU = Release|Any CPU
	EndGlobalSection
	GlobalSection(ProjectConfigurationPlatforms) = postSolution
		{21A6463B-80D6-4B46-B74A-75C8D82902EA}.Debug|Any CPU.ActiveCfg = Debug|Any CPU
		{21A6463B-80D6-4B46-B74A-75C8D82902EA}.Debug|Any CPU.Build.0 = Debug|Any CPU
		{21A6463B-80D6-4B46-B74A-75C8D82902EA}.Release|Any CPU.ActiveCfg = Release|Any CPU
		{21A6463B-80D6-4B46-B74A-75C8D82902EA}.Release|Any CPU.Build.0 = Release|Any CPU
	EndGlobalSection
	GlobalSection(SolutionProperties) = preSolution
		HideSolutionNode = FALSE
	EndGlobalSection
	GlobalSection(ExtensibilityGlobals) = postSolution
		SolutionGuid = {F94B186A-5026-4633-8B1B-18D92E03A6F7}
	EndGlobalSection
EndGlobal
